
Microsoft Visual Studio Solution File, Format Version 12.00
# Visual Studio Version 17
VisualStudioVersion = 17.11.35222.181
MinimumVisualStudioVersion = 10.0.40219.1
Project("{FAE04EC0-301F-11D3-BF4B-00C04F79EFBC}") = "BAT180", "BAT180\BAT180.csproj", "{C3C4B834-CB88-469F-BDB3-43562E050F7C}"
EndProject
Global
	GlobalSection(SolutionConfigurationPlatforms) = preSolution
		Debug|Any CPU = Debug|Any CPU
		Release|Any CPU = Release|Any CPU
	EndGlobalSection
	GlobalSection(ProjectConfigurationPlatforms) = postSolution
		{C3C4B834-CB88-469F-BDB3-43562E050F7C}.Debug|Any CPU.ActiveCfg = Debug|Any CPU
		{C3C4B834-CB88-469F-BDB3-43562E050F7C}.Debug|Any CPU.Build.0 = Debug|Any CPU
		{C3C4B834-CB88-469F-BDB3-43562E050F7C}.Release|Any CPU.ActiveCfg = Release|Any CPU
		{C3C4B834-CB88-469F-BDB3-43562E050F7C}.Release|Any CPU.Build.0 = Release|Any CPU
	EndGlobalSection
	GlobalSection(SolutionProperties) = preSolution
		HideSolutionNode = FALSE
	EndGlobalSection
	GlobalSection(ExtensibilityGlobals) = postSolution
		SolutionGuid = {1D51FDE4-89CC-4287-8AC6-198F8405BC49}
	EndGlobalSection
EndGlobal
